
Microsoft Visual Studio Solution File, Format Version 12.00
# Visual Studio Version 18
VisualStudioVersion = 18.8.12021.73
MinimumVisualStudioVersion = 10.0.40219.1
Project("{FAE04EC0-301F-11D3-BF4B-00C04F79EFBC}") = "RouterPilot", "RouterPilot\RouterPilot.csproj", "{9C8EEFDE-B1C6-49A9-93A4-7ECA7740DDD9}"
EndProject
Project("{FAE04EC0-301F-11D3-BF4B-00C04F79EFBC}") = "RouterPilot.NetworkHealthHarness", "RouterPilot.NetworkHealthHarness\RouterPilot.NetworkHealthHarness.csproj", "{C3A84B6E-3AA3-4F48-B197-E2F29C5E3D72}"
EndProject
Project("{FAE04EC0-301F-11D3-BF4B-00C04F79EFBC}") = "RouterPilot.ClientNavigationHarness", "RouterPilot.ClientNavigationHarness\RouterPilot.ClientNavigationHarness.csproj", "{430BCFF5-0036-43D7-B0F1-2FD259742BDF}"
EndProject
Project("{FAE04EC0-301F-11D3-BF4B-00C04F79EFBC}") = "RouterPilot.DataStatisticsHarness", "RouterPilot.DataStatisticsHarness\RouterPilot.DataStatisticsHarness.csproj", "{B2FE364A-EB0E-4D94-8402-8553B2A6AEEB}"
EndProject
Project("{B7DD6F7E-DEF8-4E67-B5B7-07EF123DB6F0}") = "RouterPilot.Installer", "RouterPilot.Installer\RouterPilot.Installer.wixproj", "{26B39750-CE59-4536-AEF0-2E5C68FC5680}"
EndProject
Global
	GlobalSection(SolutionConfigurationPlatforms) = preSolution
		Debug|Any CPU = Debug|Any CPU
		Debug|ARM64 = Debug|ARM64
		Debug|x64 = Debug|x64
		Debug|x86 = Debug|x86
		Release|Any CPU = Release|Any CPU
		Release|ARM64 = Release|ARM64
		Release|x64 = Release|x64
		Release|x86 = Release|x86
	EndGlobalSection
	GlobalSection(ProjectConfigurationPlatforms) = postSolution
		{9C8EEFDE-B1C6-49A9-93A4-7ECA7740DDD9}.Debug|Any CPU.ActiveCfg = Debug|Any CPU
		{9C8EEFDE-B1C6-49A9-93A4-7ECA7740DDD9}.Debug|Any CPU.Build.0 = Debug|Any CPU
		{9C8EEFDE-B1C6-49A9-93A4-7ECA7740DDD9}.Debug|ARM64.ActiveCfg = Debug|Any CPU
		{9C8EEFDE-B1C6-49A9-93A4-7ECA7740DDD9}.Debug|ARM64.Build.0 = Debug|Any CPU
		{9C8EEFDE-B1C6-49A9-93A4-7ECA7740DDD9}.Debug|x64.ActiveCfg = Debug|Any CPU
		{9C8EEFDE-B1C6-49A9-93A4-7ECA7740DDD9}.Debug|x64.Build.0 = Debug|Any CPU
		{9C8EEFDE-B1C6-49A9-93A4-7ECA7740DDD9}.Debug|x86.ActiveCfg = Debug|Any CPU
		{9C8EEFDE-B1C6-49A9-93A4-7ECA7740DDD9}.Debug|x86.Build.0 = Debug|Any CPU
		{9C8EEFDE-B1C6-49A9-93A4-7ECA7740DDD9}.Release|Any CPU.ActiveCfg = Release|Any CPU
		{9C8EEFDE-B1C6-49A9-93A4-7ECA7740DDD9}.Release|Any CPU.Build.0 = Release|Any CPU
		{9C8EEFDE-B1C6-49A9-93A4-7ECA7740DDD9}.Release|ARM64.ActiveCfg = Release|Any CPU
		{9C8EEFDE-B1C6-49A9-93A4-7ECA7740DDD9}.Release|ARM64.Build.0 = Release|Any CPU
		{9C8EEFDE-B1C6-49A9-93A4-7ECA7740DDD9}.Release|x64.ActiveCfg = Release|Any CPU
		{9C8EEFDE-B1C6-49A9-93A4-7ECA7740DDD9}.Release|x64.Build.0 = Release|Any CPU
		{9C8EEFDE-B1C6-49A9-93A4-7ECA7740DDD9}.Release|x86.ActiveCfg = Release|Any CPU
		{9C8EEFDE-B1C6-49A9-93A4-7ECA7740DDD9}.Release|x86.Build.0 = Release|Any CPU
		{C3A84B6E-3AA3-4F48-B197-E2F29C5E3D72}.Debug|Any CPU.ActiveCfg = Debug|Any CPU
		{C3A84B6E-3AA3-4F48-B197-E2F29C5E3D72}.Debug|Any CPU.Build.0 = Debug|Any CPU
		{C3A84B6E-3AA3-4F48-B197-E2F29C5E3D72}.Debug|ARM64.ActiveCfg = Debug|Any CPU
		{C3A84B6E-3AA3-4F48-B197-E2F29C5E3D72}.Debug|ARM64.Build.0 = Debug|Any CPU
		{C3A84B6E-3AA3-4F48-B197-E2F29C5E3D72}.Debug|x64.ActiveCfg = Debug|Any CPU
		{C3A84B6E-3AA3-4F48-B197-E2F29C5E3D72}.Debug|x64.Build.0 = Debug|Any CPU
		{C3A84B6E-3AA3-4F48-B197-E2F29C5E3D72}.Debug|x86.ActiveCfg = Debug|Any CPU
		{C3A84B6E-3AA3-4F48-B197-E2F29C5E3D72}.Debug|x86.Build.0 = Debug|Any CPU
		{C3A84B6E-3AA3-4F48-B197-E2F29C5E3D72}.Release|Any CPU.ActiveCfg = Release|Any CPU
		{C3A84B6E-3AA3-4F48-B197-E2F29C5E3D72}.Release|Any CPU.Build.0 = Release|Any CPU
		{C3A84B6E-3AA3-4F48-B197-E2F29C5E3D72}.Release|ARM64.ActiveCfg = Release|Any CPU
		{C3A84B6E-3AA3-4F48-B197-E2F29C5E3D72}.Release|ARM64.Build.0 = Release|Any CPU
		{C3A84B6E-3AA3-4F48-B197-E2F29C5E3D72}.Release|x64.ActiveCfg = Release|Any CPU
		{C3A84B6E-3AA3-4F48-B197-E2F29C5E3D72}.Release|x64.Build.0 = Release|Any CPU
		{C3A84B6E-3AA3-4F48-B197-E2F29C5E3D72}.Release|x86.ActiveCfg = Release|Any CPU
		{C3A84B6E-3AA3-4F48-B197-E2F29C5E3D72}.Release|x86.Build.0 = Release|Any CPU
		{430BCFF5-0036-43D7-B0F1-2FD259742BDF}.Debug|Any CPU.ActiveCfg = Debug|Any CPU
		{430BCFF5-0036-43D7-B0F1-2FD259742BDF}.Debug|Any CPU.Build.0 = Debug|Any CPU
		{430BCFF5-0036-43D7-B0F1-2FD259742BDF}.Debug|ARM64.ActiveCfg = Debug|Any CPU
		{430BCFF5-0036-43D7-B0F1-2FD259742BDF}.Debug|ARM64.Build.0 = Debug|Any CPU
		{430BCFF5-0036-43D7-B0F1-2FD259742BDF}.Debug|x64.ActiveCfg = Debug|Any CPU
		{430BCFF5-0036-43D7-B0F1-2FD259742BDF}.Debug|x64.Build.0 = Debug|Any CPU
		{430BCFF5-0036-43D7-B0F1-2FD259742BDF}.Debug|x86.ActiveCfg = Debug|Any CPU
		{430BCFF5-0036-43D7-B0F1-2FD259742BDF}.Debug|x86.Build.0 = Debug|Any CPU
		{430BCFF5-0036-43D7-B0F1-2FD259742BDF}.Release|Any CPU.ActiveCfg = Release|Any CPU
		{430BCFF5-0036-43D7-B0F1-2FD259742BDF}.Release|Any CPU.Build.0 = Release|Any CPU
		{430BCFF5-0036-43D7-B0F1-2FD259742BDF}.Release|ARM64.ActiveCfg = Release|Any CPU
		{430BCFF5-0036-43D7-B0F1-2FD259742BDF}.Release|ARM64.Build.0 = Release|Any CPU
		{430BCFF5-0036-43D7-B0F1-2FD259742BDF}.Release|x64.ActiveCfg = Release|Any CPU
		{430BCFF5-0036-43D7-B0F1-2FD259742BDF}.Release|x64.Build.0 = Release|Any CPU
		{430BCFF5-0036-43D7-B0F1-2FD259742BDF}.Release|x86.ActiveCfg = Release|Any CPU
		{430BCFF5-0036-43D7-B0F1-2FD259742BDF}.Release|x86.Build.0 = Release|Any CPU
		{B2FE364A-EB0E-4D94-8402-8553B2A6AEEB}.Debug|Any CPU.ActiveCfg = Debug|Any CPU
		{B2FE364A-EB0E-4D94-8402-8553B2A6AEEB}.Debug|Any CPU.Build.0 = Debug|Any CPU
		{B2FE364A-EB0E-4D94-8402-8553B2A6AEEB}.Debug|ARM64.ActiveCfg = Debug|Any CPU
		{B2FE364A-EB0E-4D94-8402-8553B2A6AEEB}.Debug|ARM64.Build.0 = Debug|Any CPU
		{B2FE364A-EB0E-4D94-8402-8553B2A6AEEB}.Debug|x64.ActiveCfg = Debug|Any CPU
		{B2FE364A-EB0E-4D94-8402-8553B2A6AEEB}.Debug|x64.Build.0 = Debug|Any CPU
		{B2FE364A-EB0E-4D94-8402-8553B2A6AEEB}.Debug|x86.ActiveCfg = Debug|Any CPU
		{B2FE364A-EB0E-4D94-8402-8553B2A6AEEB}.Debug|x86.Build.0 = Debug|Any CPU
		{B2FE364A-EB0E-4D94-8402-8553B2A6AEEB}.Release|Any CPU.ActiveCfg = Release|Any CPU
		{B2FE364A-EB0E-4D94-8402-8553B2A6AEEB}.Release|Any CPU.Build.0 = Release|Any CPU
		{B2FE364A-EB0E-4D94-8402-8553B2A6AEEB}.Release|ARM64.ActiveCfg = Release|Any CPU
		{B2FE364A-EB0E-4D94-8402-8553B2A6AEEB}.Release|ARM64.Build.0 = Release|Any CPU
		{B2FE364A-EB0E-4D94-8402-8553B2A6AEEB}.Release|x64.ActiveCfg = Release|Any CPU
		{B2FE364A-EB0E-4D94-8402-8553B2A6AEEB}.Release|x64.Build.0 = Release|Any CPU
		{B2FE364A-EB0E-4D94-8402-8553B2A6AEEB}.Release|x86.ActiveCfg = Release|Any CPU
		{B2FE364A-EB0E-4D94-8402-8553B2A6AEEB}.Release|x86.Build.0 = Release|Any CPU
		{26B39750-CE59-4536-AEF0-2E5C68FC5680}.Debug|Any CPU.ActiveCfg = Debug|x64
		{26B39750-CE59-4536-AEF0-2E5C68FC5680}.Debug|Any CPU.Build.0 = Debug|x64
		{26B39750-CE59-4536-AEF0-2E5C68FC5680}.Debug|ARM64.ActiveCfg = Debug|ARM64
		{26B39750-CE59-4536-AEF0-2E5C68FC5680}.Debug|ARM64.Build.0 = Debug|ARM64
		{26B39750-CE59-4536-AEF0-2E5C68FC5680}.Debug|x64.ActiveCfg = Debug|x64
		{26B39750-CE59-4536-AEF0-2E5C68FC5680}.Debug|x64.Build.0 = Debug|x64
		{26B39750-CE59-4536-AEF0-2E5C68FC5680}.Debug|x86.ActiveCfg = Debug|x86
		{26B39750-CE59-4536-AEF0-2E5C68FC5680}.Debug|x86.Build.0 = Debug|x86
		{26B39750-CE59-4536-AEF0-2E5C68FC5680}.Release|Any CPU.ActiveCfg = Release|x64
		{26B39750-CE59-4536-AEF0-2E5C68FC5680}.Release|Any CPU.Build.0 = Release|x64
		{26B39750-CE59-4536-AEF0-2E5C68FC5680}.Release|ARM64.ActiveCfg = Release|ARM64
		{26B39750-CE59-4536-AEF0-2E5C68FC5680}.Release|ARM64.Build.0 = Release|ARM64
		{26B39750-CE59-4536-AEF0-2E5C68FC5680}.Release|x64.ActiveCfg = Release|x64
		{26B39750-CE59-4536-AEF0-2E5C68FC5680}.Release|x64.Build.0 = Release|x64
		{26B39750-CE59-4536-AEF0-2E5C68FC5680}.Release|x86.ActiveCfg = Release|x86
		{26B39750-CE59-4536-AEF0-2E5C68FC5680}.Release|x86.Build.0 = Release|x86
	EndGlobalSection
	GlobalSection(SolutionProperties) = preSolution
		HideSolutionNode = FALSE
	EndGlobalSection
	GlobalSection(ExtensibilityGlobals) = postSolution
		SolutionGuid = {7D922E76-4C10-47E7-BB4E-97190A2580A5}
	EndGlobalSection
EndGlobal
